{
    "requires": true,
    "lockfileVersion": 1,
    "dependencies": {
        "@types/screeps": {
            "version": "2.5.3",
            "resolved": "https://registry.npmjs.org/@types/screeps/-/screeps-2.5.3.tgz",
            "integrity": "sha512-y4FLeWF0EapJtGMnhx8wT+3m8LvN99EzOjJ9vFsPihtsAtYqCd8iMcyJJeACwT1oKPduASzf2CwwgnA7TnjMLw=="
        }
    }
}